
Microsoft Visual Studio Solution File, Format Version 12.00
# Visual Studio 15
VisualStudioVersion = 15.0.27130.2010
MinimumVisualStudioVersion = 10.0.40219.1
Project("{FAE04EC0-301F-11D3-BF4B-00C04F79EFBC}") = "Verkefni2_2(a)", "Verkefni2_2(a)\Verkefni2_2(a).csproj", "{48F1819E-98F6-4444-98DF-B118DB2F1F54}"
EndProject
Global
	GlobalSection(SolutionConfigurationPlatforms) = preSolution
		Debug|Any CPU = Debug|Any CPU
		Release|Any CPU = Release|Any CPU
	EndGlobalSection
	GlobalSection(ProjectConfigurationPlatforms) = postSolution
		{48F1819E-98F6-4444-98DF-B118DB2F1F54}.Debug|Any CPU.ActiveCfg = Debug|Any CPU
		{48F1819E-98F6-4444-98DF-B118DB2F1F54}.Debug|Any CPU.Build.0 = Debug|Any CPU
		{48F1819E-98F6-4444-98DF-B118DB2F1F54}.Release|Any CPU.ActiveCfg = Release|Any CPU
		{48F1819E-98F6-4444-98DF-B118DB2F1F54}.Release|Any CPU.Build.0 = Release|Any CPU
	EndGlobalSection
	GlobalSection(SolutionProperties) = preSolution
		HideSolutionNode = FALSE
	EndGlobalSection
	GlobalSection(ExtensibilityGlobals) = postSolution
		SolutionGuid = {99252D39-8289-4201-8348-C9CA5D55CA37}
	EndGlobalSection
EndGlobal
